// !$*UTF8*$!
{
	archiveVersion = 1;
	classes = {
	};
	objectVersion = 46;
	objects = {

/* Begin PBXBuildFile section */
		DE279D1715D7578C00245637 /* EEEllipse.m in Sources */ = {isa = PBXBuildFile; fileRef = DE279D1615D7578C00245637 /* EEEllipse.m */; };
		DE5A24D815D77E250063CA0B /* HexagonScene.m in Sources */ = {isa = PBXBuildFile; fileRef = DE5A24D715D77E250063CA0B /* HexagonScene.m */; };
		DE5B09E015D75B680043E4BC /* EllipseScene.m in Sources */ = {isa = PBXBuildFile; fileRef = DE5B09DF15D75B680043E4BC /* EllipseScene.m */; };
		DE6089DB15D71E0900802560 /* EETriangle.m in Sources */ = {isa = PBXBuildFile; fileRef = DE6089DA15D71E0900802560 /* EETriangle.m */; };
		DE74A88E15D744AE00630A8D /* EERectangle.m in Sources */ = {isa = PBXBuildFile; fileRef = DE74A88D15D744AE00630A8D /* EERectangle.m */; };
		DE7C1B5415D3942C006C41D6 /* README.md in Resources */ = {isa = PBXBuildFile; fileRef = DE7C1B5315D3942C006C41D6 /* README.md */; };
		DE8F9CF115D4BE50001AA18F /* GLKit.framework in Frameworks */ = {isa = PBXBuildFile; fileRef = DE8F9CF015D4BE50001AA18F /* GLKit.framework */; };
		DE8F9CF415D4BE61001AA18F /* OpenGLES.framework in Frameworks */ = {isa = PBXBuildFile; fileRef = DE8F9CF315D4BE61001AA18F /* OpenGLES.framework */; };
		DE8F9CF615D4BE72001AA18F /* QuartzCore.framework in Frameworks */ = {isa = PBXBuildFile; fileRef = DE8F9CF515D4BE72001AA18F /* QuartzCore.framework */; };
		DE9136B115D3927F0061C249 /* UIKit.framework in Frameworks */ = {isa = PBXBuildFile; fileRef = DE9136B015D3927F0061C249 /* UIKit.framework */; };
		DE9136B315D3927F0061C249 /* Foundation.framework in Frameworks */ = {isa = PBXBuildFile; fileRef = DE9136B215D3927F0061C249 /* Foundation.framework */; };
		DE9136B515D3927F0061C249 /* CoreGraphics.framework in Frameworks */ = {isa = PBXBuildFile; fileRef = DE9136B415D3927F0061C249 /* CoreGraphics.framework */; };
		DE9136BB15D3927F0061C249 /* InfoPlist.strings in Resources */ = {isa = PBXBuildFile; fileRef = DE9136B915D3927F0061C249 /* InfoPlist.strings */; };
		DE9136BD15D3927F0061C249 /* main.m in Sources */ = {isa = PBXBuildFile; fileRef = DE9136BC15D3927F0061C249 /* main.m */; };
		DE9136C115D3927F0061C249 /* EEAppDelegate.m in Sources */ = {isa = PBXBuildFile; fileRef = DE9136C015D3927F0061C249 /* EEAppDelegate.m */; };
		DE9136C915D3927F0061C249 /* SenTestingKit.framework in Frameworks */ = {isa = PBXBuildFile; fileRef = DE9136C815D3927F0061C249 /* SenTestingKit.framework */; };
		DE9136CA15D3927F0061C249 /* UIKit.framework in Frameworks */ = {isa = PBXBuildFile; fileRef = DE9136B015D3927F0061C249 /* UIKit.framework */; };
		DE9136CB15D3927F0061C249 /* Foundation.framework in Frameworks */ = {isa = PBXBuildFile; fileRef = DE9136B215D3927F0061C249 /* Foundation.framework */; };
		DE9136D315D3927F0061C249 /* InfoPlist.strings in Resources */ = {isa = PBXBuildFile; fileRef = DE9136D115D3927F0061C249 /* InfoPlist.strings */; };
		DE9136D615D3927F0061C249 /* ExampleEngineTests.m in Sources */ = {isa = PBXBuildFile; fileRef = DE9136D515D3927F0061C249 /* ExampleEngineTests.m */; };
		DEA0C89115D4EEE0005FCBCC /* EESceneController.m in Sources */ = {isa = PBXBuildFile; fileRef = DEA0C89015D4EEE0005FCBCC /* EESceneController.m */; };
		DEA238E915D750BD002534A4 /* RectangleScene.m in Sources */ = {isa = PBXBuildFile; fileRef = DEA238E815D750BD002534A4 /* RectangleScene.m */; };
		DEA3F1DC15D7209200BEF4E4 /* TriangleScene.m in Sources */ = {isa = PBXBuildFile; fileRef = DEA3F1DB15D7209200BEF4E4 /* TriangleScene.m */; };
		DEACE9D715D773C80062E593 /* EERegularPolygon.m in Sources */ = {isa = PBXBuildFile; fileRef = DEACE9D615D773C80062E593 /* EERegularPolygon.m */; };
		DECC4E0515D4D09700F4102C /* EEScene.m in Sources */ = {isa = PBXBuildFile; fileRef = DECC4E0415D4D09700F4102C /* EEScene.m */; };
		DEEFED8715D711B1008D6E6E /* EEShape.m in Sources */ = {isa = PBXBuildFile; fileRef = DEEFED8615D711B1008D6E6E /* EEShape.m */; };
/* End PBXBuildFile section */

/* Begin PBXContainerItemProxy section */
		DE9136CC15D3927F0061C249 /* PBXContainerItemProxy */ = {
			isa = PBXContainerItemProxy;
			containerPortal = DE9136A315D3927F0061C249 /* Project object */;
			proxyType = 1;
			remoteGlobalIDString = DE9136AB15D3927F0061C249;
			remoteInfo = ExampleEngine;
		};
/* End PBXContainerItemProxy section */

/* Begin PBXFileReference section */
		DE279D1515D7578C00245637 /* EEEllipse.h */ = {isa = PBXFileReference; fileEncoding = 4; lastKnownFileType = sourcecode.c.h; path = EEEllipse.h; sourceTree = "<group>"; };
		DE279D1615D7578C00245637 /* EEEllipse.m */ = {isa = PBXFileReference; fileEncoding = 4; lastKnownFileType = sourcecode.c.objc; path = EEEllipse.m; sourceTree = "<group>"; };
		DE5A24D615D77E250063CA0B /* HexagonScene.h */ = {isa = PBXFileReference; fileEncoding = 4; lastKnownFileType = sourcecode.c.h; path = HexagonScene.h; sourceTree = "<group>"; };
		DE5A24D715D77E250063CA0B /* HexagonScene.m */ = {isa = PBXFileReference; fileEncoding = 4; lastKnownFileType = sourcecode.c.objc; path = HexagonScene.m; sourceTree = "<group>"; };
		DE5B09DE15D75B680043E4BC /* EllipseScene.h */ = {isa = PBXFileReference; fileEncoding = 4; lastKnownFileType = sourcecode.c.h; path = EllipseScene.h; sourceTree = "<group>"; };
		DE5B09DF15D75B680043E4BC /* EllipseScene.m */ = {isa = PBXFileReference; fileEncoding = 4; lastKnownFileType = sourcecode.c.objc; path = EllipseScene.m; sourceTree = "<group>"; };
		DE6089D915D71E0900802560 /* EETriangle.h */ = {isa = PBXFileReference; fileEncoding = 4; lastKnownFileType = sourcecode.c.h; path = EETriangle.h; sourceTree = "<group>"; };
		DE6089DA15D71E0900802560 /* EETriangle.m */ = {isa = PBXFileReference; fileEncoding = 4; lastKnownFileType = sourcecode.c.objc; path = EETriangle.m; sourceTree = "<group>"; };
		DE74A88C15D744AE00630A8D /* EERectangle.h */ = {isa = PBXFileReference; fileEncoding = 4; lastKnownFileType = sourcecode.c.h; path = EERectangle.h; sourceTree = "<group>"; };
		DE74A88D15D744AE00630A8D /* EERectangle.m */ = {isa = PBXFileReference; fileEncoding = 4; lastKnownFileType = sourcecode.c.objc; path = EERectangle.m; sourceTree = "<group>"; };
		DE7C1B5315D3942C006C41D6 /* README.md */ = {isa = PBXFileReference; fileEncoding = 4; lastKnownFileType = text; path = README.md; sourceTree = "<group>"; };
		DE8F9CF015D4BE50001AA18F /* GLKit.framework */ = {isa = PBXFileReference; lastKnownFileType = wrapper.framework; name = GLKit.framework; path = System/Library/Frameworks/GLKit.framework; sourceTree = SDKROOT; };
		DE8F9CF315D4BE61001AA18F /* OpenGLES.framework */ = {isa = PBXFileReference; lastKnownFileType = wrapper.framework; name = OpenGLES.framework; path = System/Library/Frameworks/OpenGLES.framework; sourceTree = SDKROOT; };
		DE8F9CF515D4BE72001AA18F /* QuartzCore.framework */ = {isa = PBXFileReference; lastKnownFileType = wrapper.framework; name = QuartzCore.framework; path = System/Library/Frameworks/QuartzCore.framework; sourceTree = SDKROOT; };
		DE9136AC15D3927F0061C249 /* ExampleEngine.app */ = {isa = PBXFileReference; explicitFileType = wrapper.application; includeInIndex = 0; path = ExampleEngine.app; sourceTree = BUILT_PRODUCTS_DIR; };
		DE9136B015D3927F0061C249 /* UIKit.framework */ = {isa = PBXFileReference; lastKnownFileType = wrapper.framework; name = UIKit.framework; path = System/Library/Frameworks/UIKit.framework; sourceTree = SDKROOT; };
		DE9136B215D3927F0061C249 /* Foundation.framework */ = {isa = PBXFileReference; lastKnownFileType = wrapper.framework; name = Foundation.framework; path = System/Library/Frameworks/Foundation.framework; sourceTree = SDKROOT; };
		DE9136B415D3927F0061C249 /* CoreGraphics.framework */ = {isa = PBXFileReference; lastKnownFileType = wrapper.framework; name = CoreGraphics.framework; path = System/Library/Frameworks/CoreGraphics.framework; sourceTree = SDKROOT; };
		DE9136B815D3927F0061C249 /* ExampleEngine-Info.plist */ = {isa = PBXFileReference; lastKnownFileType = text.plist.xml; path = "ExampleEngine-Info.plist"; sourceTree = "<group>"; };
		DE9136BA15D3927F0061C249 /* en */ = {isa = PBXFileReference; lastKnownFileType = text.plist.strings; name = en; path = en.lproj/InfoPlist.strings; sourceTree = "<group>"; };
		DE9136BC15D3927F0061C249 /* main.m */ = {isa = PBXFileReference; lastKnownFileType = sourcecode.c.objc; path = main.m; sourceTree = "<group>"; };
		DE9136BE15D3927F0061C249 /* ExampleEngine-Prefix.pch */ = {isa = PBXFileReference; lastKnownFileType = sourcecode.c.h; path = "ExampleEngine-Prefix.pch"; sourceTree = "<group>"; };
		DE9136BF15D3927F0061C249 /* EEAppDelegate.h */ = {isa = PBXFileReference; lastKnownFileType = sourcecode.c.h; path = EEAppDelegate.h; sourceTree = "<group>"; };
		DE9136C015D3927F0061C249 /* EEAppDelegate.m */ = {isa = PBXFileReference; lastKnownFileType = sourcecode.c.objc; path = EEAppDelegate.m; sourceTree = "<group>"; };
		DE9136C715D3927F0061C249 /* ExampleEngineTests.octest */ = {isa = PBXFileReference; explicitFileType = wrapper.cfbundle; includeInIndex = 0; path = ExampleEngineTests.octest; sourceTree = BUILT_PRODUCTS_DIR; };
		DE9136C815D3927F0061C249 /* SenTestingKit.framework */ = {isa = PBXFileReference; lastKnownFileType = wrapper.framework; name = SenTestingKit.framework; path = Library/Frameworks/SenTestingKit.framework; sourceTree = DEVELOPER_DIR; };
		DE9136D015D3927F0061C249 /* ExampleEngineTests-Info.plist */ = {isa = PBXFileReference; lastKnownFileType = text.plist.xml; path = "ExampleEngineTests-Info.plist"; sourceTree = "<group>"; };
		DE9136D215D3927F0061C249 /* en */ = {isa = PBXFileReference; lastKnownFileType = text.plist.strings; name = en; path = en.lproj/InfoPlist.strings; sourceTree = "<group>"; };
		DE9136D415D3927F0061C249 /* ExampleEngineTests.h */ = {isa = PBXFileReference; lastKnownFileType = sourcecode.c.h; path = ExampleEngineTests.h; sourceTree = "<group>"; };
		DE9136D515D3927F0061C249 /* ExampleEngineTests.m */ = {isa = PBXFileReference; lastKnownFileType = sourcecode.c.objc; path = ExampleEngineTests.m; sourceTree = "<group>"; };
		DEA0C88F15D4EEE0005FCBCC /* EESceneController.h */ = {isa = PBXFileReference; fileEncoding = 4; lastKnownFileType = sourcecode.c.h; path = EESceneController.h; sourceTree = "<group>"; };
		DEA0C89015D4EEE0005FCBCC /* EESceneController.m */ = {isa = PBXFileReference; fileEncoding = 4; lastKnownFileType = sourcecode.c.objc; path = EESceneController.m; sourceTree = "<group>"; };
		DEA238E715D750BD002534A4 /* RectangleScene.h */ = {isa = PBXFileReference; fileEncoding = 4; lastKnownFileType = sourcecode.c.h; path = RectangleScene.h; sourceTree = "<group>"; };
		DEA238E815D750BD002534A4 /* RectangleScene.m */ = {isa = PBXFileReference; fileEncoding = 4; lastKnownFileType = sourcecode.c.objc; path = RectangleScene.m; sourceTree = "<group>"; };
		DEA3F1DA15D7209200BEF4E4 /* TriangleScene.h */ = {isa = PBXFileReference; fileEncoding = 4; lastKnownFileType = sourcecode.c.h; path = TriangleScene.h; sourceTree = "<group>"; };
		DEA3F1DB15D7209200BEF4E4 /* TriangleScene.m */ = {isa = PBXFileReference; fileEncoding = 4; lastKnownFileType = sourcecode.c.objc; path = TriangleScene.m; sourceTree = "<group>"; };
		DEACE9D515D773C80062E593 /* EERegularPolygon.h */ = {isa = PBXFileReference; fileEncoding = 4; lastKnownFileType = sourcecode.c.h; path = EERegularPolygon.h; sourceTree = "<group>"; };
		DEACE9D615D773C80062E593 /* EERegularPolygon.m */ = {isa = PBXFileReference; fileEncoding = 4; lastKnownFileType = sourcecode.c.objc; path = EERegularPolygon.m; sourceTree = "<group>"; };
		DECC4E0315D4D09700F4102C /* EEScene.h */ = {isa = PBXFileReference; fileEncoding = 4; lastKnownFileType = sourcecode.c.h; path = EEScene.h; sourceTree = "<group>"; };
		DECC4E0415D4D09700F4102C /* EEScene.m */ = {isa = PBXFileReference; fileEncoding = 4; lastKnownFileType = sourcecode.c.objc; path = EEScene.m; sourceTree = "<group>"; };
		DEEFED8515D711B1008D6E6E /* EEShape.h */ = {isa = PBXFileReference; fileEncoding = 4; lastKnownFileType = sourcecode.c.h; path = EEShape.h; sourceTree = "<group>"; };
		DEEFED8615D711B1008D6E6E /* EEShape.m */ = {isa = PBXFileReference; fileEncoding = 4; lastKnownFileType = sourcecode.c.objc; path = EEShape.m; sourceTree = "<group>"; };
/* End PBXFileReference section */

/* Begin PBXFrameworksBuildPhase section */
		DE9136A915D3927F0061C249 /* Frameworks */ = {
			isa = PBXFrameworksBuildPhase;
			buildActionMask = 2147483647;
			files = (
				DE8F9CF615D4BE72001AA18F /* QuartzCore.framework in Frameworks */,
				DE8F9CF415D4BE61001AA18F /* OpenGLES.framework in Frameworks */,
				DE8F9CF115D4BE50001AA18F /* GLKit.framework in Frameworks */,
				DE9136B115D3927F0061C249 /* UIKit.framework in Frameworks */,
				DE9136B315D3927F0061C249 /* Foundation.framework in Frameworks */,
				DE9136B515D3927F0061C249 /* CoreGraphics.framework in Frameworks */,
			);
			runOnlyForDeploymentPostprocessing = 0;
		};
		DE9136C315D3927F0061C249 /* Frameworks */ = {
			isa = PBXFrameworksBuildPhase;
			buildActionMask = 2147483647;
			files = (
				DE9136C915D3927F0061C249 /* SenTestingKit.framework in Frameworks */,
				DE9136CA15D3927F0061C249 /* UIKit.framework in Frameworks */,
				DE9136CB15D3927F0061C249 /* Foundation.framework in Frameworks */,
			);
			runOnlyForDeploymentPostprocessing = 0;
		};
/* End PBXFrameworksBuildPhase section */

/* Begin PBXGroup section */
		DE279D1315D7575600245637 /* Shapes */ = {
			isa = PBXGroup;
			children = (
				DEEFED8515D711B1008D6E6E /* EEShape.h */,
				DEEFED8615D711B1008D6E6E /* EEShape.m */,
				DE279D1515D7578C00245637 /* EEEllipse.h */,
				DE279D1615D7578C00245637 /* EEEllipse.m */,
				DE74A88C15D744AE00630A8D /* EERectangle.h */,
				DE74A88D15D744AE00630A8D /* EERectangle.m */,
				DEACE9D515D773C80062E593 /* EERegularPolygon.h */,
				DEACE9D615D773C80062E593 /* EERegularPolygon.m */,
				DE6089D915D71E0900802560 /* EETriangle.h */,
				DE6089DA15D71E0900802560 /* EETriangle.m */,
			);
			name = Shapes;
			sourceTree = "<group>";
		};
		DE9136A115D3927F0061C249 = {
			isa = PBXGroup;
			children = (
				DE7C1B5315D3942C006C41D6 /* README.md */,
				DE9136B615D3927F0061C249 /* ExampleEngine */,
				DE9136CE15D3927F0061C249 /* ExampleEngineTests */,
				DE9136AF15D3927F0061C249 /* Frameworks */,
				DE9136AD15D3927F0061C249 /* Products */,
			);
			sourceTree = "<group>";
		};
		DE9136AD15D3927F0061C249 /* Products */ = {
			isa = PBXGroup;
			children = (
				DE9136AC15D3927F0061C249 /* ExampleEngine.app */,
				DE9136C715D3927F0061C249 /* ExampleEngineTests.octest */,
			);
			name = Products;
			sourceTree = "<group>";
		};
		DE9136AF15D3927F0061C249 /* Frameworks */ = {
			isa = PBXGroup;
			children = (
				DE8F9CF515D4BE72001AA18F /* QuartzCore.framework */,
				DE8F9CF315D4BE61001AA18F /* OpenGLES.framework */,
				DE8F9CF015D4BE50001AA18F /* GLKit.framework */,
				DE9136B015D3927F0061C249 /* UIKit.framework */,
				DE9136B215D3927F0061C249 /* Foundation.framework */,
				DE9136B415D3927F0061C249 /* CoreGraphics.framework */,
				DE9136C815D3927F0061C249 /* SenTestingKit.framework */,
			);
			name = Frameworks;
			sourceTree = "<group>";
		};
		DE9136B615D3927F0061C249 /* ExampleEngine */ = {
			isa = PBXGroup;
			children = (
				DE279D1315D7575600245637 /* Shapes */,
				DECC4E0115D4D00B00F4102C /* Scenes */,
				DE9136BF15D3927F0061C249 /* EEAppDelegate.h */,
				DE9136C015D3927F0061C249 /* EEAppDelegate.m */,
				DE9136B715D3927F0061C249 /* Supporting Files */,
				DEA0C88F15D4EEE0005FCBCC /* EESceneController.h */,
				DEA0C89015D4EEE0005FCBCC /* EESceneController.m */,
			);
			path = ExampleEngine;
			sourceTree = "<group>";
		};
		DE9136B715D3927F0061C249 /* Supporting Files */ = {
			isa = PBXGroup;
			children = (
				DE9136B815D3927F0061C249 /* ExampleEngine-Info.plist */,
				DE9136B915D3927F0061C249 /* InfoPlist.strings */,
				DE9136BC15D3927F0061C249 /* main.m */,
				DE9136BE15D3927F0061C249 /* ExampleEngine-Prefix.pch */,
			);
			name = "Supporting Files";
			sourceTree = "<group>";
		};
		DE9136CE15D3927F0061C249 /* ExampleEngineTests */ = {
			isa = PBXGroup;
			children = (
				DE9136D415D3927F0061C249 /* ExampleEngineTests.h */,
				DE9136D515D3927F0061C249 /* ExampleEngineTests.m */,
				DE9136CF15D3927F0061C249 /* Supporting Files */,
			);
			path = ExampleEngineTests;
			sourceTree = "<group>";
		};
		DE9136CF15D3927F0061C249 /* Supporting Files */ = {
			isa = PBXGroup;
			children = (
				DE9136D015D3927F0061C249 /* ExampleEngineTests-Info.plist */,
				DE9136D115D3927F0061C249 /* InfoPlist.strings */,
			);
			name = "Supporting Files";
			sourceTree = "<group>";
		};
		DECC4E0115D4D00B00F4102C /* Scenes */ = {
			isa = PBXGroup;
			children = (
				DECC4E0315D4D09700F4102C /* EEScene.h */,
				DECC4E0415D4D09700F4102C /* EEScene.m */,
				DE5B09DE15D75B680043E4BC /* EllipseScene.h */,
				DE5B09DF15D75B680043E4BC /* EllipseScene.m */,
				DE5A24D615D77E250063CA0B /* HexagonScene.h */,
				DE5A24D715D77E250063CA0B /* HexagonScene.m */,
				DEA238E715D750BD002534A4 /* RectangleScene.h */,
				DEA238E815D750BD002534A4 /* RectangleScene.m */,
				DEA3F1DA15D7209200BEF4E4 /* TriangleScene.h */,
				DEA3F1DB15D7209200BEF4E4 /* TriangleScene.m */,
			);
			name = Scenes;
			sourceTree = "<group>";
		};
/* End PBXGroup section */

/* Begin PBXNativeTarget section */
		DE9136AB15D3927F0061C249 /* ExampleEngine */ = {
			isa = PBXNativeTarget;
			buildConfigurationList = DE9136D915D3927F0061C249 /* Build configuration list for PBXNativeTarget "ExampleEngine" */;
			buildPhases = (
				DE9136A815D3927F0061C249 /* Sources */,
				DE9136A915D3927F0061C249 /* Frameworks */,
				DE9136AA15D3927F0061C249 /* Resources */,
			);
			buildRules = (
			);
			dependencies = (
			);
			name = ExampleEngine;
			productName = ExampleEngine;
			productReference = DE9136AC15D3927F0061C249 /* ExampleEngine.app */;
			productType = "com.apple.product-type.application";
		};
		DE9136C615D3927F0061C249 /* ExampleEngineTests */ = {
			isa = PBXNativeTarget;
			buildConfigurationList = DE9136DC15D3927F0061C249 /* Build configuration list for PBXNativeTarget "ExampleEngineTests" */;
			buildPhases = (
				DE9136C215D3927F0061C249 /* Sources */,
				DE9136C315D3927F0061C249 /* Frameworks */,
				DE9136C415D3927F0061C249 /* Resources */,
				DE9136C515D3927F0061C249 /* ShellScript */,
			);
			buildRules = (
			);
			dependencies = (
				DE9136CD15D3927F0061C249 /* PBXTargetDependency */,
			);
			name = ExampleEngineTests;
			productName = ExampleEngineTests;
			productReference = DE9136C715D3927F0061C249 /* ExampleEngineTests.octest */;
			productType = "com.apple.product-type.bundle";
		};
/* End PBXNativeTarget section */

/* Begin PBXProject section */
		DE9136A315D3927F0061C249 /* Project object */ = {
			isa = PBXProject;
			attributes = {
				CLASSPREFIX = EE;
				LastUpgradeCheck = 0440;
				ORGANIZATIONNAME = "Steve Baker";
			};
			buildConfigurationList = DE9136A615D3927F0061C249 /* Build configuration list for PBXProject "ExampleEngine" */;
			compatibilityVersion = "Xcode 3.2";
			developmentRegion = English;
			hasScannedForEncodings = 0;
			knownRegions = (
				en,
			);
			mainGroup = DE9136A115D3927F0061C249;
			productRefGroup = DE9136AD15D3927F0061C249 /* Products */;
			projectDirPath = "";
			projectRoot = "";
			targets = (
				DE9136AB15D3927F0061C249 /* ExampleEngine */,
				DE9136C615D3927F0061C249 /* ExampleEngineTests */,
			);
		};
/* End PBXProject section */

/* Begin PBXResourcesBuildPhase section */
		DE9136AA15D3927F0061C249 /* Resources */ = {
			isa = PBXResourcesBuildPhase;
			buildActionMask = 2147483647;
			files = (
				DE9136BB15D3927F0061C249 /* InfoPlist.strings in Resources */,
				DE7C1B5415D3942C006C41D6 /* README.md in Resources */,
			);
			runOnlyForDeploymentPostprocessing = 0;
		};
		DE9136C415D3927F0061C249 /* Resources */ = {
			isa = PBXResourcesBuildPhase;
			buildActionMask = 2147483647;
			files = (
				DE9136D315D3927F0061C249 /* InfoPlist.strings in Resources */,
			);
			runOnlyForDeploymentPostprocessing = 0;
		};
/* End PBXResourcesBuildPhase section */

/* Begin PBXShellScriptBuildPhase section */
		DE9136C515D3927F0061C249 /* ShellScript */ = {
			isa = PBXShellScriptBuildPhase;
			buildActionMask = 2147483647;
			files = (
			);
			inputPaths = (
			);
			outputPaths = (
			);
			runOnlyForDeploymentPostprocessing = 0;
			shellPath = /bin/sh;
			shellScript = "# Run the unit tests in this test bundle.\n\"${SYSTEM_DEVELOPER_DIR}/Tools/RunUnitTests\"\n";
		};
/* End PBXShellScriptBuildPhase section */

/* Begin PBXSourcesBuildPhase section */
		DE9136A815D3927F0061C249 /* Sources */ = {
			isa = PBXSourcesBuildPhase;
			buildActionMask = 2147483647;
			files = (
				DE9136BD15D3927F0061C249 /* main.m in Sources */,
				DE9136C115D3927F0061C249 /* EEAppDelegate.m in Sources */,
				DECC4E0515D4D09700F4102C /* EEScene.m in Sources */,
				DEA0C89115D4EEE0005FCBCC /* EESceneController.m in Sources */,
				DEEFED8715D711B1008D6E6E /* EEShape.m in Sources */,
				DE6089DB15D71E0900802560 /* EETriangle.m in Sources */,
				DEA3F1DC15D7209200BEF4E4 /* TriangleScene.m in Sources */,
				DE74A88E15D744AE00630A8D /* EERectangle.m in Sources */,
				DEA238E915D750BD002534A4 /* RectangleScene.m in Sources */,
				DE279D1715D7578C00245637 /* EEEllipse.m in Sources */,
				DE5B09E015D75B680043E4BC /* EllipseScene.m in Sources */,
				DEACE9D715D773C80062E593 /* EERegularPolygon.m in Sources */,
				DE5A24D815D77E250063CA0B /* HexagonScene.m in Sources */,
			);
			runOnlyForDeploymentPostprocessing = 0;
		};
		DE9136C215D3927F0061C249 /* Sources */ = {
			isa = PBXSourcesBuildPhase;
			buildActionMask = 2147483647;
			files = (
				DE9136D615D3927F0061C249 /* ExampleEngineTests.m in Sources */,
			);
			runOnlyForDeploymentPostprocessing = 0;
		};
/* End PBXSourcesBuildPhase section */

/* Begin PBXTargetDependency section */
		DE9136CD15D3927F0061C249 /* PBXTargetDependency */ = {
			isa = PBXTargetDependency;
			target = DE9136AB15D3927F0061C249 /* ExampleEngine */;
			targetProxy = DE9136CC15D3927F0061C249 /* PBXContainerItemProxy */;
		};
/* End PBXTargetDependency section */

/* Begin PBXVariantGroup section */
		DE9136B915D3927F0061C249 /* InfoPlist.strings */ = {
			isa = PBXVariantGroup;
			children = (
				DE9136BA15D3927F0061C249 /* en */,
			);
			name = InfoPlist.strings;
			sourceTree = "<group>";
		};
		DE9136D115D3927F0061C249 /* InfoPlist.strings */ = {
			isa = PBXVariantGroup;
			children = (
				DE9136D215D3927F0061C249 /* en */,
			);
			name = InfoPlist.strings;
			sourceTree = "<group>";
		};
/* End PBXVariantGroup section */

/* Begin XCBuildConfiguration section */
		DE9136D715D3927F0061C249 /* Debug */ = {
			isa = XCBuildConfiguration;
			buildSettings = {
				ALWAYS_SEARCH_USER_PATHS = NO;
				ARCHS = "$(ARCHS_STANDARD_32_BIT)";
				CLANG_CXX_LANGUAGE_STANDARD = "gnu++0x";
				CLANG_ENABLE_OBJC_ARC = YES;
				CLANG_WARN__DUPLICATE_METHOD_MATCH = YES;
				"CODE_SIGN_IDENTITY[sdk=iphoneos*]" = "iPhone Developer";
				COPY_PHASE_STRIP = NO;
				GCC_C_LANGUAGE_STANDARD = gnu99;
				GCC_DYNAMIC_NO_PIC = NO;
				GCC_OPTIMIZATION_LEVEL = 0;
				GCC_PREPROCESSOR_DEFINITIONS = (
					"DEBUG=1",
					"$(inherited)",
				);
				GCC_SYMBOLS_PRIVATE_EXTERN = NO;
				GCC_VERSION = com.apple.compilers.llvm.clang.1_0;
				GCC_WARN_ABOUT_RETURN_TYPE = YES;
				GCC_WARN_UNINITIALIZED_AUTOS = YES;
				GCC_WARN_UNUSED_VARIABLE = YES;
				IPHONEOS_DEPLOYMENT_TARGET = 5.1;
				SDKROOT = iphoneos;
			};
			name = Debug;
		};
		DE9136D815D3927F0061C249 /* Release */ = {
			isa = XCBuildConfiguration;
			buildSettings = {
				ALWAYS_SEARCH_USER_PATHS = NO;
				ARCHS = "$(ARCHS_STANDARD_32_BIT)";
				CLANG_CXX_LANGUAGE_STANDARD = "gnu++0x";
				CLANG_ENABLE_OBJC_ARC = YES;
				CLANG_WARN__DUPLICATE_METHOD_MATCH = YES;
				"CODE_SIGN_IDENTITY[sdk=iphoneos*]" = "iPhone Developer";
				COPY_PHASE_STRIP = YES;
				GCC_C_LANGUAGE_STANDARD = gnu99;
				GCC_VERSION = com.apple.compilers.llvm.clang.1_0;
				GCC_WARN_ABOUT_RETURN_TYPE = YES;
				GCC_WARN_UNINITIALIZED_AUTOS = YES;
				GCC_WARN_UNUSED_VARIABLE = YES;
				IPHONEOS_DEPLOYMENT_TARGET = 5.1;
				OTHER_CFLAGS = "-DNS_BLOCK_ASSERTIONS=1";
				SDKROOT = iphoneos;
				VALIDATE_PRODUCT = YES;
			};
			name = Release;
		};
		DE9136DA15D3927F0061C249 /* Debug */ = {
			isa = XCBuildConfiguration;
			buildSettings = {
				GCC_PRECOMPILE_PREFIX_HEADER = YES;
				GCC_PREFIX_HEADER = "ExampleEngine/ExampleEngine-Prefix.pch";
				INFOPLIST_FILE = "ExampleEngine/ExampleEngine-Info.plist";
				PRODUCT_NAME = "$(TARGET_NAME)";
				WRAPPER_EXTENSION = app;
			};
			name = Debug;
		};
		DE9136DB15D3927F0061C249 /* Release */ = {
			isa = XCBuildConfiguration;
			buildSettings = {
				GCC_PRECOMPILE_PREFIX_HEADER = YES;
				GCC_PREFIX_HEADER = "ExampleEngine/ExampleEngine-Prefix.pch";
				INFOPLIST_FILE = "ExampleEngine/ExampleEngine-Info.plist";
				PRODUCT_NAME = "$(TARGET_NAME)";
				WRAPPER_EXTENSION = app;
			};
			name = Release;
		};
		DE9136DD15D3927F0061C249 /* Debug */ = {
			isa = XCBuildConfiguration;
			buildSettings = {
				BUNDLE_LOADER = "$(BUILT_PRODUCTS_DIR)/ExampleEngine.app/ExampleEngine";
				FRAMEWORK_SEARCH_PATHS = (
					"\"$(SDKROOT)/Developer/Library/Frameworks\"",
					"\"$(DEVELOPER_LIBRARY_DIR)/Frameworks\"",
				);
				GCC_PRECOMPILE_PREFIX_HEADER = YES;
				GCC_PREFIX_HEADER = "ExampleEngine/ExampleEngine-Prefix.pch";
				INFOPLIST_FILE = "ExampleEngineTests/ExampleEngineTests-Info.plist";
				PRODUCT_NAME = "$(TARGET_NAME)";
				TEST_HOST = "$(BUNDLE_LOADER)";
				WRAPPER_EXTENSION = octest;
			};
			name = Debug;
		};
		DE9136DE15D3927F0061C249 /* Release */ = {
			isa = XCBuildConfiguration;
			buildSettings = {
				BUNDLE_LOADER = "$(BUILT_PRODUCTS_DIR)/ExampleEngine.app/ExampleEngine";
				FRAMEWORK_SEARCH_PATHS = (
					"\"$(SDKROOT)/Developer/Library/Frameworks\"",
					"\"$(DEVELOPER_LIBRARY_DIR)/Frameworks\"",
				);
				GCC_PRECOMPILE_PREFIX_HEADER = YES;
				GCC_PREFIX_HEADER = "ExampleEngine/ExampleEngine-Prefix.pch";
				INFOPLIST_FILE = "ExampleEngineTests/ExampleEngineTests-Info.plist";
				PRODUCT_NAME = "$(TARGET_NAME)";
				TEST_HOST = "$(BUNDLE_LOADER)";
				WRAPPER_EXTENSION = octest;
			};
			name = Release;
		};
/* End XCBuildConfiguration section */

/* Begin XCConfigurationList section */
		DE9136A615D3927F0061C249 /* Build configuration list for PBXProject "ExampleEngine" */ = {
			isa = XCConfigurationList;
			buildConfigurations = (
				DE9136D715D3927F0061C249 /* Debug */,
				DE9136D815D3927F0061C249 /* Release */,
			);
			defaultConfigurationIsVisible = 0;
			defaultConfigurationName = Release;
		};
		DE9136D915D3927F0061C249 /* Build configuration list for PBXNativeTarget "ExampleEngine" */ = {
			isa = XCConfigurationList;
			buildConfigurations = (
				DE9136DA15D3927F0061C249 /* Debug */,
				DE9136DB15D3927F0061C249 /* Release */,
			);
			defaultConfigurationIsVisible = 0;
			defaultConfigurationName = Release;
		};
		DE9136DC15D3927F0061C249 /* Build configuration list for PBXNativeTarget "ExampleEngineTests" */ = {
			isa = XCConfigurationList;
			buildConfigurations = (
				DE9136DD15D3927F0061C249 /* Debug */,
				DE9136DE15D3927F0061C249 /* Release */,
			);
			defaultConfigurationIsVisible = 0;
			defaultConfigurationName = Release;
		};
/* End XCConfigurationList section */
	};
	rootObject = DE9136A315D3927F0061C249 /* Project object */;
}
